
Microsoft Visual Studio Solution File, Format Version 12.00
# Visual Studio Version 17
VisualStudioVersion = 17.13.35818.85 d17.13
MinimumVisualStudioVersion = 10.0.40219.1
Project("{FAE04EC0-301F-11D3-BF4B-00C04F79EFBC}") = "1131435_張新誠_多媒體播放器", "1131435_張新誠_多媒體播放器\1131435_張新誠_多媒體播放器.csproj", "{480432F0-AA07-4753-B007-D3BDF1A63FAD}"
EndProject
Global
	GlobalSection(SolutionConfigurationPlatforms) = preSolution
		Debug|Any CPU = Debug|Any CPU
		Release|Any CPU = Release|Any CPU
	EndGlobalSection
	GlobalSection(ProjectConfigurationPlatforms) = postSolution
		{480432F0-AA07-4753-B007-D3BDF1A63FAD}.Debug|Any CPU.ActiveCfg = Debug|Any CPU
		{480432F0-AA07-4753-B007-D3BDF1A63FAD}.Debug|Any CPU.Build.0 = Debug|Any CPU
		{480432F0-AA07-4753-B007-D3BDF1A63FAD}.Release|Any CPU.ActiveCfg = Release|Any CPU
		{480432F0-AA07-4753-B007-D3BDF1A63FAD}.Release|Any CPU.Build.0 = Release|Any CPU
	EndGlobalSection
	GlobalSection(SolutionProperties) = preSolution
		HideSolutionNode = FALSE
	EndGlobalSection
	GlobalSection(ExtensibilityGlobals) = postSolution
		SolutionGuid = {404330B7-BA47-40FA-922D-D4407D3C8A78}
	EndGlobalSection
EndGlobal
